// !$*UTF8*$!
{
	archiveVersion = 1;
	classes = {
	};
	objectVersion = 46;
	objects = {

/* Begin PBXBuildFile section */
		DE0547DF1F0D453800531D40 /* AppDelegate.swift in Sources */ = {isa = PBXBuildFile; fileRef = DE0547DE1F0D453800531D40 /* AppDelegate.swift */; };
		DE0547E11F0D453800531D40 /* HomeController.swift in Sources */ = {isa = PBXBuildFile; fileRef = DE0547E01F0D453800531D40 /* HomeController.swift */; };
		DE0547E41F0D453800531D40 /* Main.storyboard in Resources */ = {isa = PBXBuildFile; fileRef = DE0547E21F0D453800531D40 /* Main.storyboard */; };
		DE0547E61F0D453800531D40 /* Assets.xcassets in Resources */ = {isa = PBXBuildFile; fileRef = DE0547E51F0D453800531D40 /* Assets.xcassets */; };
		DE0547E91F0D453800531D40 /* LaunchScreen.storyboard in Resources */ = {isa = PBXBuildFile; fileRef = DE0547E71F0D453800531D40 /* LaunchScreen.storyboard */; };
		DE13D0441F1D1CE1001649C2 /* LoginViewController.swift in Sources */ = {isa = PBXBuildFile; fileRef = DE13D0431F1D1CE1001649C2 /* LoginViewController.swift */; };
		DE29600F1F1056B000FABF18 /* PackageCell.swift in Sources */ = {isa = PBXBuildFile; fileRef = DE29600E1F1056B000FABF18 /* PackageCell.swift */; };
		DE2960121F105E7A00FABF18 /* Extension.swift in Sources */ = {isa = PBXBuildFile; fileRef = DE2960111F105E7A00FABF18 /* Extension.swift */; };
		DE2960161F109F7E00FABF18 /* Package.swift in Sources */ = {isa = PBXBuildFile; fileRef = DE2960151F109F7E00FABF18 /* Package.swift */; };
		DE29601A1F11B06500FABF18 /* User.swift in Sources */ = {isa = PBXBuildFile; fileRef = DE2960191F11B06500FABF18 /* User.swift */; };
		DE49F81D1F5BF0A2008D4FB5 /* SearchController.swift in Sources */ = {isa = PBXBuildFile; fileRef = DE49F81C1F5BF0A2008D4FB5 /* SearchController.swift */; };
		DE49F8221F5D6C47008D4FB5 /* IntroViewController.swift in Sources */ = {isa = PBXBuildFile; fileRef = DE49F8211F5D6C47008D4FB5 /* IntroViewController.swift */; };
		DE49F8241F5E1FE1008D4FB5 /* IntroPageCell.swift in Sources */ = {isa = PBXBuildFile; fileRef = DE49F8231F5E1FE1008D4FB5 /* IntroPageCell.swift */; };
		DE611B501F58DFD200F00F39 /* ProductViewController.swift in Sources */ = {isa = PBXBuildFile; fileRef = DE611B4F1F58DFD200F00F39 /* ProductViewController.swift */; };
		DE915C031F15B068005495F4 /* CustomTabBarController.swift in Sources */ = {isa = PBXBuildFile; fileRef = DE915C021F15B068005495F4 /* CustomTabBarController.swift */; };
		DEA728A41F48152100BD155F /* UserLoggedIn.swift in Sources */ = {isa = PBXBuildFile; fileRef = DEA728A31F48152100BD155F /* UserLoggedIn.swift */; };
		DEA728A61F483E7C00BD155F /* AccountViewController.swift in Sources */ = {isa = PBXBuildFile; fileRef = DEA728A51F483E7C00BD155F /* AccountViewController.swift */; };
		DEB288B91F3876400088092D /* Fabric.framework in Frameworks */ = {isa = PBXBuildFile; fileRef = DEB288B71F3876400088092D /* Fabric.framework */; };
		DEB288BA1F3876400088092D /* Crashlytics.framework in Frameworks */ = {isa = PBXBuildFile; fileRef = DEB288B81F3876400088092D /* Crashlytics.framework */; };
		DEB288BC1F395CA60088092D /* CustomCollectionViewCell.swift in Sources */ = {isa = PBXBuildFile; fileRef = DEB288BB1F395CA60088092D /* CustomCollectionViewCell.swift */; };
		DECA67551F5A3974006F2A3B /* ProductCell.swift in Sources */ = {isa = PBXBuildFile; fileRef = DECA67541F5A3974006F2A3B /* ProductCell.swift */; };
		DECA67571F5A3CE1006F2A3B /* CustomImageView.swift in Sources */ = {isa = PBXBuildFile; fileRef = DECA67561F5A3CE1006F2A3B /* CustomImageView.swift */; };
		DECA67591F5A7318006F2A3B /* Product.swift in Sources */ = {isa = PBXBuildFile; fileRef = DECA67581F5A7318006F2A3B /* Product.swift */; };
		DED542491F359296006E4390 /* PinterestLayout.swift in Sources */ = {isa = PBXBuildFile; fileRef = DED542481F359296006E4390 /* PinterestLayout.swift */; };
/* End PBXBuildFile section */

/* Begin PBXFileReference section */
		DE0547DB1F0D453800531D40 /* Gyza2.app */ = {isa = PBXFileReference; explicitFileType = wrapper.application; includeInIndex = 0; path = Gyza2.app; sourceTree = BUILT_PRODUCTS_DIR; };
		DE0547DE1F0D453800531D40 /* AppDelegate.swift */ = {isa = PBXFileReference; lastKnownFileType = sourcecode.swift; path = AppDelegate.swift; sourceTree = "<group>"; };
		DE0547E01F0D453800531D40 /* HomeController.swift */ = {isa = PBXFileReference; lastKnownFileType = sourcecode.swift; path = HomeController.swift; sourceTree = "<group>"; };
		DE0547E31F0D453800531D40 /* Base */ = {isa = PBXFileReference; lastKnownFileType = file.storyboard; name = Base; path = Base.lproj/Main.storyboard; sourceTree = "<group>"; };
		DE0547E51F0D453800531D40 /* Assets.xcassets */ = {isa = PBXFileReference; lastKnownFileType = folder.assetcatalog; path = Assets.xcassets; sourceTree = "<group>"; };
		DE0547E81F0D453800531D40 /* Base */ = {isa = PBXFileReference; lastKnownFileType = file.storyboard; name = Base; path = Base.lproj/LaunchScreen.storyboard; sourceTree = "<group>"; };
		DE0547EA1F0D453800531D40 /* Info.plist */ = {isa = PBXFileReference; lastKnownFileType = text.plist.xml; path = Info.plist; sourceTree = "<group>"; };
		DE13D0431F1D1CE1001649C2 /* LoginViewController.swift */ = {isa = PBXFileReference; fileEncoding = 4; lastKnownFileType = sourcecode.swift; path = LoginViewController.swift; sourceTree = "<group>"; };
		DE29600E1F1056B000FABF18 /* PackageCell.swift */ = {isa = PBXFileReference; fileEncoding = 4; lastKnownFileType = sourcecode.swift; path = PackageCell.swift; sourceTree = "<group>"; };
		DE2960111F105E7A00FABF18 /* Extension.swift */ = {isa = PBXFileReference; fileEncoding = 4; lastKnownFileType = sourcecode.swift; path = Extension.swift; sourceTree = "<group>"; };
		DE2960151F109F7E00FABF18 /* Package.swift */ = {isa = PBXFileReference; fileEncoding = 4; lastKnownFileType = sourcecode.swift; path = Package.swift; sourceTree = "<group>"; };
		DE2960191F11B06500FABF18 /* User.swift */ = {isa = PBXFileReference; fileEncoding = 4; lastKnownFileType = sourcecode.swift; path = User.swift; sourceTree = "<group>"; };
		DE49F81C1F5BF0A2008D4FB5 /* SearchController.swift */ = {isa = PBXFileReference; lastKnownFileType = sourcecode.swift; path = SearchController.swift; sourceTree = "<group>"; };
		DE49F8211F5D6C47008D4FB5 /* IntroViewController.swift */ = {isa = PBXFileReference; lastKnownFileType = sourcecode.swift; path = IntroViewController.swift; sourceTree = "<group>"; };
		DE49F8231F5E1FE1008D4FB5 /* IntroPageCell.swift */ = {isa = PBXFileReference; lastKnownFileType = sourcecode.swift; path = IntroPageCell.swift; sourceTree = "<group>"; };
		DE611B4F1F58DFD200F00F39 /* ProductViewController.swift */ = {isa = PBXFileReference; fileEncoding = 4; lastKnownFileType = sourcecode.swift; path = ProductViewController.swift; sourceTree = "<group>"; };
		DE915C021F15B068005495F4 /* CustomTabBarController.swift */ = {isa = PBXFileReference; fileEncoding = 4; lastKnownFileType = sourcecode.swift; path = CustomTabBarController.swift; sourceTree = "<group>"; };
		DEA728A31F48152100BD155F /* UserLoggedIn.swift */ = {isa = PBXFileReference; fileEncoding = 4; lastKnownFileType = sourcecode.swift; path = UserLoggedIn.swift; sourceTree = "<group>"; };
		DEA728A51F483E7C00BD155F /* AccountViewController.swift */ = {isa = PBXFileReference; fileEncoding = 4; lastKnownFileType = sourcecode.swift; path = AccountViewController.swift; sourceTree = "<group>"; };
		DEB288B71F3876400088092D /* Fabric.framework */ = {isa = PBXFileReference; lastKnownFileType = wrapper.framework; path = Fabric.framework; sourceTree = "<group>"; };
		DEB288B81F3876400088092D /* Crashlytics.framework */ = {isa = PBXFileReference; lastKnownFileType = wrapper.framework; path = Crashlytics.framework; sourceTree = "<group>"; };
		DEB288BB1F395CA60088092D /* CustomCollectionViewCell.swift */ = {isa = PBXFileReference; fileEncoding = 4; lastKnownFileType = sourcecode.swift; path = CustomCollectionViewCell.swift; sourceTree = "<group>"; };
		DECA67541F5A3974006F2A3B /* ProductCell.swift */ = {isa = PBXFileReference; fileEncoding = 4; lastKnownFileType = sourcecode.swift; path = ProductCell.swift; sourceTree = "<group>"; };
		DECA67561F5A3CE1006F2A3B /* CustomImageView.swift */ = {isa = PBXFileReference; fileEncoding = 4; lastKnownFileType = sourcecode.swift; path = CustomImageView.swift; sourceTree = "<group>"; };
		DECA67581F5A7318006F2A3B /* Product.swift */ = {isa = PBXFileReference; fileEncoding = 4; lastKnownFileType = sourcecode.swift; path = Product.swift; sourceTree = "<group>"; };
		DED542481F359296006E4390 /* PinterestLayout.swift */ = {isa = PBXFileReference; fileEncoding = 4; lastKnownFileType = sourcecode.swift; path = PinterestLayout.swift; sourceTree = "<group>"; };
/* End PBXFileReference section */

/* Begin PBXFrameworksBuildPhase section */
		DE0547D81F0D453800531D40 /* Frameworks */ = {
			isa = PBXFrameworksBuildPhase;
			buildActionMask = 2147483647;
			files = (
				DEB288BA1F3876400088092D /* Crashlytics.framework in Frameworks */,
				DEB288B91F3876400088092D /* Fabric.framework in Frameworks */,
			);
			runOnlyForDeploymentPostprocessing = 0;
		};
/* End PBXFrameworksBuildPhase section */

/* Begin PBXGroup section */
		DE0547D21F0D453800531D40 = {
			isa = PBXGroup;
			children = (
				DEB288B71F3876400088092D /* Fabric.framework */,
				DEB288B81F3876400088092D /* Crashlytics.framework */,
				DE0547DD1F0D453800531D40 /* Gyza2 */,
				DE0547DC1F0D453800531D40 /* Products */,
			);
			sourceTree = "<group>";
		};
		DE0547DC1F0D453800531D40 /* Products */ = {
			isa = PBXGroup;
			children = (
				DE0547DB1F0D453800531D40 /* Gyza2.app */,
			);
			name = Products;
			sourceTree = "<group>";
		};
		DE0547DD1F0D453800531D40 /* Gyza2 */ = {
			isa = PBXGroup;
			children = (
				DED542471F35925C006E4390 /* Layout */,
				DE2960141F109F6300FABF18 /* Model */,
				DE2960131F109EDA00FABF18 /* Controller */,
				DE2960101F105E5900FABF18 /* Helper */,
				DE29600D1F10568500FABF18 /* View */,
				DE0547DE1F0D453800531D40 /* AppDelegate.swift */,
				DE0547E21F0D453800531D40 /* Main.storyboard */,
				DE0547E51F0D453800531D40 /* Assets.xcassets */,
				DE0547E71F0D453800531D40 /* LaunchScreen.storyboard */,
				DE0547EA1F0D453800531D40 /* Info.plist */,
			);
			path = Gyza2;
			sourceTree = "<group>";
		};
		DE29600D1F10568500FABF18 /* View */ = {
			isa = PBXGroup;
			children = (
				DEB288BB1F395CA60088092D /* CustomCollectionViewCell.swift */,
				DE29600E1F1056B000FABF18 /* PackageCell.swift */,
				DECA67541F5A3974006F2A3B /* ProductCell.swift */,
				DE49F8231F5E1FE1008D4FB5 /* IntroPageCell.swift */,
			);
			name = View;
			sourceTree = "<group>";
		};
		DE2960101F105E5900FABF18 /* Helper */ = {
			isa = PBXGroup;
			children = (
				DE2960111F105E7A00FABF18 /* Extension.swift */,
				DE915C021F15B068005495F4 /* CustomTabBarController.swift */,
				DECA67561F5A3CE1006F2A3B /* CustomImageView.swift */,
			);
			name = Helper;
			sourceTree = "<group>";
		};
		DE2960131F109EDA00FABF18 /* Controller */ = {
			isa = PBXGroup;
			children = (
				DE0547E01F0D453800531D40 /* HomeController.swift */,
				DE13D0431F1D1CE1001649C2 /* LoginViewController.swift */,
				DEA728A51F483E7C00BD155F /* AccountViewController.swift */,
				DE611B4F1F58DFD200F00F39 /* ProductViewController.swift */,
				DE49F81C1F5BF0A2008D4FB5 /* SearchController.swift */,
				DE49F8211F5D6C47008D4FB5 /* IntroViewController.swift */,
			);
			name = Controller;
			sourceTree = "<group>";
		};
		DE2960141F109F6300FABF18 /* Model */ = {
			isa = PBXGroup;
			children = (
				DE2960151F109F7E00FABF18 /* Package.swift */,
				DE2960191F11B06500FABF18 /* User.swift */,
				DEA728A31F48152100BD155F /* UserLoggedIn.swift */,
				DECA67581F5A7318006F2A3B /* Product.swift */,
			);
			name = Model;
			sourceTree = "<group>";
		};
		DED542471F35925C006E4390 /* Layout */ = {
			isa = PBXGroup;
			children = (
				DED542481F359296006E4390 /* PinterestLayout.swift */,
			);
			name = Layout;
			sourceTree = "<group>";
		};
/* End PBXGroup section */

/* Begin PBXNativeTarget section */
		DE0547DA1F0D453800531D40 /* Gyza2 */ = {
			isa = PBXNativeTarget;
			buildConfigurationList = DE0547ED1F0D453800531D40 /* Build configuration list for PBXNativeTarget "Gyza2" */;
			buildPhases = (
				DE0547D71F0D453800531D40 /* Sources */,
				DE0547D81F0D453800531D40 /* Frameworks */,
				DE0547D91F0D453800531D40 /* Resources */,
				DEB288B61F3874890088092D /* ShellScript */,
			);
			buildRules = (
			);
			dependencies = (
			);
			name = Gyza2;
			productName = Gyza2;
			productReference = DE0547DB1F0D453800531D40 /* Gyza2.app */;
			productType = "com.apple.product-type.application";
		};
/* End PBXNativeTarget section */

/* Begin PBXProject section */
		DE0547D31F0D453800531D40 /* Project object */ = {
			isa = PBXProject;
			attributes = {
				LastSwiftUpdateCheck = 0830;
				LastUpgradeCheck = 0830;
				ORGANIZATIONNAME = "Tran Minh Tuan";
				TargetAttributes = {
					DE0547DA1F0D453800531D40 = {
						CreatedOnToolsVersion = 8.3.3;
						DevelopmentTeam = Z8W82YFJSJ;
						ProvisioningStyle = Automatic;
					};
				};
			};
			buildConfigurationList = DE0547D61F0D453800531D40 /* Build configuration list for PBXProject "Gyza2" */;
			compatibilityVersion = "Xcode 3.2";
			developmentRegion = English;
			hasScannedForEncodings = 0;
			knownRegions = (
				en,
				Base,
			);
			mainGroup = DE0547D21F0D453800531D40;
			productRefGroup = DE0547DC1F0D453800531D40 /* Products */;
			projectDirPath = "";
			projectRoot = "";
			targets = (
				DE0547DA1F0D453800531D40 /* Gyza2 */,
			);
		};
/* End PBXProject section */

/* Begin PBXResourcesBuildPhase section */
		DE0547D91F0D453800531D40 /* Resources */ = {
			isa = PBXResourcesBuildPhase;
			buildActionMask = 2147483647;
			files = (
				DE0547E91F0D453800531D40 /* LaunchScreen.storyboard in Resources */,
				DE0547E61F0D453800531D40 /* Assets.xcassets in Resources */,
				DE0547E41F0D453800531D40 /* Main.storyboard in Resources */,
			);
			runOnlyForDeploymentPostprocessing = 0;
		};
/* End PBXResourcesBuildPhase section */

/* Begin PBXShellScriptBuildPhase section */
		DEB288B61F3874890088092D /* ShellScript */ = {
			isa = PBXShellScriptBuildPhase;
			buildActionMask = 2147483647;
			files = (
			);
			inputPaths = (
			);
			outputPaths = (
			);
			runOnlyForDeploymentPostprocessing = 0;
			shellPath = /bin/sh;
			shellScript = "./Fabric.framework/run dee63180a050cf934270a8d3053da02d0abdf5cc cbeb265f8a8cc9ef97b00fd39107bb37c7587c1455f09da7f0292193a9c34585";
		};
/* End PBXShellScriptBuildPhase section */

/* Begin PBXSourcesBuildPhase section */
		DE0547D71F0D453800531D40 /* Sources */ = {
			isa = PBXSourcesBuildPhase;
			buildActionMask = 2147483647;
			files = (
				DE611B501F58DFD200F00F39 /* ProductViewController.swift in Sources */,
				DED542491F359296006E4390 /* PinterestLayout.swift in Sources */,
				DEA728A61F483E7C00BD155F /* AccountViewController.swift in Sources */,
				DEB288BC1F395CA60088092D /* CustomCollectionViewCell.swift in Sources */,
				DECA67571F5A3CE1006F2A3B /* CustomImageView.swift in Sources */,
				DE13D0441F1D1CE1001649C2 /* LoginViewController.swift in Sources */,
				DECA67551F5A3974006F2A3B /* ProductCell.swift in Sources */,
				DE0547E11F0D453800531D40 /* HomeController.swift in Sources */,
				DE915C031F15B068005495F4 /* CustomTabBarController.swift in Sources */,
				DE49F8221F5D6C47008D4FB5 /* IntroViewController.swift in Sources */,
				DE49F8241F5E1FE1008D4FB5 /* IntroPageCell.swift in Sources */,
				DECA67591F5A7318006F2A3B /* Product.swift in Sources */,
				DE49F81D1F5BF0A2008D4FB5 /* SearchController.swift in Sources */,
				DEA728A41F48152100BD155F /* UserLoggedIn.swift in Sources */,
				DE2960161F109F7E00FABF18 /* Package.swift in Sources */,
				DE29601A1F11B06500FABF18 /* User.swift in Sources */,
				DE29600F1F1056B000FABF18 /* PackageCell.swift in Sources */,
				DE0547DF1F0D453800531D40 /* AppDelegate.swift in Sources */,
				DE2960121F105E7A00FABF18 /* Extension.swift in Sources */,
			);
			runOnlyForDeploymentPostprocessing = 0;
		};
/* End PBXSourcesBuildPhase section */

/* Begin PBXVariantGroup section */
		DE0547E21F0D453800531D40 /* Main.storyboard */ = {
			isa = PBXVariantGroup;
			children = (
				DE0547E31F0D453800531D40 /* Base */,
			);
			name = Main.storyboard;
			sourceTree = "<group>";
		};
		DE0547E71F0D453800531D40 /* LaunchScreen.storyboard */ = {
			isa = PBXVariantGroup;
			children = (
				DE0547E81F0D453800531D40 /* Base */,
			);
			name = LaunchScreen.storyboard;
			sourceTree = "<group>";
		};
/* End PBXVariantGroup section */

/* Begin XCBuildConfiguration section */
		DE0547EB1F0D453800531D40 /* Debug */ = {
			isa = XCBuildConfiguration;
			buildSettings = {
				ALWAYS_SEARCH_USER_PATHS = NO;
				CLANG_ANALYZER_NONNULL = YES;
				CLANG_ANALYZER_NUMBER_OBJECT_CONVERSION = YES_AGGRESSIVE;
				CLANG_CXX_LANGUAGE_STANDARD = "gnu++0x";
				CLANG_CXX_LIBRARY = "libc++";
				CLANG_ENABLE_MODULES = YES;
				CLANG_ENABLE_OBJC_ARC = YES;
				CLANG_WARN_BOOL_CONVERSION = YES;
				CLANG_WARN_CONSTANT_CONVERSION = YES;
				CLANG_WARN_DIRECT_OBJC_ISA_USAGE = YES_ERROR;
				CLANG_WARN_DOCUMENTATION_COMMENTS = YES;
				CLANG_WARN_EMPTY_BODY = YES;
				CLANG_WARN_ENUM_CONVERSION = YES;
				CLANG_WARN_INFINITE_RECURSION = YES;
				CLANG_WARN_INT_CONVERSION = YES;
				CLANG_WARN_OBJC_ROOT_CLASS = YES_ERROR;
				CLANG_WARN_SUSPICIOUS_MOVE = YES;
				CLANG_WARN_UNREACHABLE_CODE = YES;
				CLANG_WARN__DUPLICATE_METHOD_MATCH = YES;
				"CODE_SIGN_IDENTITY[sdk=iphoneos*]" = "iPhone Developer";
				COPY_PHASE_STRIP = NO;
				DEBUG_INFORMATION_FORMAT = dwarf;
				ENABLE_STRICT_OBJC_MSGSEND = YES;
				ENABLE_TESTABILITY = YES;
				GCC_C_LANGUAGE_STANDARD = gnu99;
				GCC_DYNAMIC_NO_PIC = NO;
				GCC_NO_COMMON_BLOCKS = YES;
				GCC_OPTIMIZATION_LEVEL = 0;
				GCC_PREPROCESSOR_DEFINITIONS = (
					"DEBUG=1",
					"$(inherited)",
				);
				GCC_WARN_64_TO_32_BIT_CONVERSION = YES;
				GCC_WARN_ABOUT_RETURN_TYPE = YES_ERROR;
				GCC_WARN_UNDECLARED_SELECTOR = YES;
				GCC_WARN_UNINITIALIZED_AUTOS = YES_AGGRESSIVE;
				GCC_WARN_UNUSED_FUNCTION = YES;
				GCC_WARN_UNUSED_VARIABLE = YES;
				IPHONEOS_DEPLOYMENT_TARGET = 10.3;
				MTL_ENABLE_DEBUG_INFO = YES;
				ONLY_ACTIVE_ARCH = YES;
				SDKROOT = iphoneos;
				SWIFT_ACTIVE_COMPILATION_CONDITIONS = DEBUG;
				SWIFT_OPTIMIZATION_LEVEL = "-Onone";
			};
			name = Debug;
		};
		DE0547EC1F0D453800531D40 /* Release */ = {
			isa = XCBuildConfiguration;
			buildSettings = {
				ALWAYS_SEARCH_USER_PATHS = NO;
				CLANG_ANALYZER_NONNULL = YES;
				CLANG_ANALYZER_NUMBER_OBJECT_CONVERSION = YES_AGGRESSIVE;
				CLANG_CXX_LANGUAGE_STANDARD = "gnu++0x";
				CLANG_CXX_LIBRARY = "libc++";
				CLANG_ENABLE_MODULES = YES;
				CLANG_ENABLE_OBJC_ARC = YES;
				CLANG_WARN_BOOL_CONVERSION = YES;
				CLANG_WARN_CONSTANT_CONVERSION = YES;
				CLANG_WARN_DIRECT_OBJC_ISA_USAGE = YES_ERROR;
				CLANG_WARN_DOCUMENTATION_COMMENTS = YES;
				CLANG_WARN_EMPTY_BODY = YES;
				CLANG_WARN_ENUM_CONVERSION = YES;
				CLANG_WARN_INFINITE_RECURSION = YES;
				CLANG_WARN_INT_CONVERSION = YES;
				CLANG_WARN_OBJC_ROOT_CLASS = YES_ERROR;
				CLANG_WARN_SUSPICIOUS_MOVE = YES;
				CLANG_WARN_UNREACHABLE_CODE = YES;
				CLANG_WARN__DUPLICATE_METHOD_MATCH = YES;
				"CODE_SIGN_IDENTITY[sdk=iphoneos*]" = "iPhone Developer";
				COPY_PHASE_STRIP = NO;
				DEBUG_INFORMATION_FORMAT = "dwarf-with-dsym";
				ENABLE_NS_ASSERTIONS = NO;
				ENABLE_STRICT_OBJC_MSGSEND = YES;
				GCC_C_LANGUAGE_STANDARD = gnu99;
				GCC_NO_COMMON_BLOCKS = YES;
				GCC_WARN_64_TO_32_BIT_CONVERSION = YES;
				GCC_WARN_ABOUT_RETURN_TYPE = YES_ERROR;
				GCC_WARN_UNDECLARED_SELECTOR = YES;
				GCC_WARN_UNINITIALIZED_AUTOS = YES_AGGRESSIVE;
				GCC_WARN_UNUSED_FUNCTION = YES;
				GCC_WARN_UNUSED_VARIABLE = YES;
				IPHONEOS_DEPLOYMENT_TARGET = 10.3;
				MTL_ENABLE_DEBUG_INFO = NO;
				SDKROOT = iphoneos;
				SWIFT_OPTIMIZATION_LEVEL = "-Owholemodule";
				VALIDATE_PRODUCT = YES;
			};
			name = Release;
		};
		DE0547EE1F0D453800531D40 /* Debug */ = {
			isa = XCBuildConfiguration;
			buildSettings = {
				ASSETCATALOG_COMPILER_APPICON_NAME = AppIcon;
				DEVELOPMENT_TEAM = Z8W82YFJSJ;
				FRAMEWORK_SEARCH_PATHS = (
					"$(inherited)",
					"$(PROJECT_DIR)",
				);
				INFOPLIST_FILE = Gyza2/Info.plist;
				IPHONEOS_DEPLOYMENT_TARGET = 10.3;
				LD_RUNPATH_SEARCH_PATHS = "$(inherited) @executable_path/Frameworks";
				PRODUCT_BUNDLE_IDENTIFIER = tmtuan.com.Gyza2;
				PRODUCT_NAME = "$(TARGET_NAME)";
				SWIFT_VERSION = 3.0;
				TARGETED_DEVICE_FAMILY = 1;
			};
			name = Debug;
		};
		DE0547EF1F0D453800531D40 /* Release */ = {
			isa = XCBuildConfiguration;
			buildSettings = {
				ASSETCATALOG_COMPILER_APPICON_NAME = AppIcon;
				DEVELOPMENT_TEAM = Z8W82YFJSJ;
				FRAMEWORK_SEARCH_PATHS = (
					"$(inherited)",
					"$(PROJECT_DIR)",
				);
				INFOPLIST_FILE = Gyza2/Info.plist;
				IPHONEOS_DEPLOYMENT_TARGET = 10.3;
				LD_RUNPATH_SEARCH_PATHS = "$(inherited) @executable_path/Frameworks";
				PRODUCT_BUNDLE_IDENTIFIER = tmtuan.com.Gyza2;
				PRODUCT_NAME = "$(TARGET_NAME)";
				SWIFT_VERSION = 3.0;
				TARGETED_DEVICE_FAMILY = 1;
			};
			name = Release;
		};
/* End XCBuildConfiguration section */

/* Begin XCConfigurationList section */
		DE0547D61F0D453800531D40 /* Build configuration list for PBXProject "Gyza2" */ = {
			isa = XCConfigurationList;
			buildConfigurations = (
				DE0547EB1F0D453800531D40 /* Debug */,
				DE0547EC1F0D453800531D40 /* Release */,
			);
			defaultConfigurationIsVisible = 0;
			defaultConfigurationName = Release;
		};
		DE0547ED1F0D453800531D40 /* Build configuration list for PBXNativeTarget "Gyza2" */ = {
			isa = XCConfigurationList;
			buildConfigurations = (
				DE0547EE1F0D453800531D40 /* Debug */,
				DE0547EF1F0D453800531D40 /* Release */,
			);
			defaultConfigurationIsVisible = 0;
			defaultConfigurationName = Release;
		};
/* End XCConfigurationList section */
	};
	rootObject = DE0547D31F0D453800531D40 /* Project object */;
}
